
Microsoft Visual Studio Solution File, Format Version 12.00
# Visual Studio Version 17
VisualStudioVersion = 17.0.31903.59
MinimumVisualStudioVersion = 10.0.40219.1
Project("{FAE04EC0-301F-11D3-BF4B-00C04F79EFBC}") = "SmjoHelloWorld", "SmjoHelloWorld.csproj", "{1A5A885F-E2FE-4F7D-88D3-A5347BCD0195}"
EndProject
Global
	GlobalSection(SolutionConfigurationPlatforms) = preSolution
		Debug|Any CPU = Debug|Any CPU
		Release|Any CPU = Release|Any CPU
	EndGlobalSection
	GlobalSection(ProjectConfigurationPlatforms) = postSolution
		{1A5A885F-E2FE-4F7D-88D3-A5347BCD0195}.Debug|Any CPU.ActiveCfg = Debug|Any CPU
		{1A5A885F-E2FE-4F7D-88D3-A5347BCD0195}.Debug|Any CPU.Build.0 = Debug|Any CPU
		{1A5A885F-E2FE-4F7D-88D3-A5347BCD0195}.Release|Any CPU.ActiveCfg = Release|Any CPU
		{1A5A885F-E2FE-4F7D-88D3-A5347BCD0195}.Release|Any CPU.Build.0 = Release|Any CPU
	EndGlobalSection
	GlobalSection(SolutionProperties) = preSolution
		HideSolutionNode = FALSE
	EndGlobalSection
	GlobalSection(ExtensibilityGlobals) = postSolution
		SolutionGuid = {679C246F-68D8-46CC-A295-78B0B5C0E336}
	EndGlobalSection
EndGlobal
