
Microsoft Visual Studio Solution File, Format Version 12.00
# Visual Studio Version 16
VisualStudioVersion = 16.0.31729.503
MinimumVisualStudioVersion = 10.0.40219.1
Project("{FAE04EC0-301F-11D3-BF4B-00C04F79EFBC}") = "delegateSample001", "delegateSample001\delegateSample001.csproj", "{542EFAB5-1BC5-40F0-B2B1-98685DB8660F}"
EndProject
Global
	GlobalSection(SolutionConfigurationPlatforms) = preSolution
		Debug|Any CPU = Debug|Any CPU
		Release|Any CPU = Release|Any CPU
	EndGlobalSection
	GlobalSection(ProjectConfigurationPlatforms) = postSolution
		{542EFAB5-1BC5-40F0-B2B1-98685DB8660F}.Debug|Any CPU.ActiveCfg = Debug|Any CPU
		{542EFAB5-1BC5-40F0-B2B1-98685DB8660F}.Debug|Any CPU.Build.0 = Debug|Any CPU
		{542EFAB5-1BC5-40F0-B2B1-98685DB8660F}.Release|Any CPU.ActiveCfg = Release|Any CPU
		{542EFAB5-1BC5-40F0-B2B1-98685DB8660F}.Release|Any CPU.Build.0 = Release|Any CPU
	EndGlobalSection
	GlobalSection(SolutionProperties) = preSolution
		HideSolutionNode = FALSE
	EndGlobalSection
	GlobalSection(ExtensibilityGlobals) = postSolution
		SolutionGuid = {2C672AF0-D79E-4903-9954-B58A5674D33A}
	EndGlobalSection
EndGlobal
