
Microsoft Visual Studio Solution File, Format Version 12.00
# Visual Studio Version 17
VisualStudioVersion = 17.0.31903.59
MinimumVisualStudioVersion = 10.0.40219.1
Project("{FAE04EC0-301F-11D3-BF4B-00C04F79EFBC}") = "SMJODBConnect", "DBConnect\SMJODBConnect.csproj", "{CC22D32A-6D6D-439B-8400-761194BE919D}"
EndProject
Project("{FAE04EC0-301F-11D3-BF4B-00C04F79EFBC}") = "Main", "Main\Main.csproj", "{3E331AFA-4732-45F5-8CEA-25ADF454F494}"
EndProject
Project("{FAE04EC0-301F-11D3-BF4B-00C04F79EFBC}") = "UC_Library", "UC_Library\UC_Library.csproj", "{16FDB669-8069-4808-B4B7-F2D0FBCFC777}"
EndProject
Global
	GlobalSection(SolutionConfigurationPlatforms) = preSolution
		Debug|Any CPU = Debug|Any CPU
		Release|Any CPU = Release|Any CPU
	EndGlobalSection
	GlobalSection(ProjectConfigurationPlatforms) = postSolution
		{CC22D32A-6D6D-439B-8400-761194BE919D}.Debug|Any CPU.ActiveCfg = Debug|Any CPU
		{CC22D32A-6D6D-439B-8400-761194BE919D}.Debug|Any CPU.Build.0 = Debug|Any CPU
		{CC22D32A-6D6D-439B-8400-761194BE919D}.Release|Any CPU.ActiveCfg = Release|Any CPU
		{CC22D32A-6D6D-439B-8400-761194BE919D}.Release|Any CPU.Build.0 = Release|Any CPU
		{3E331AFA-4732-45F5-8CEA-25ADF454F494}.Debug|Any CPU.ActiveCfg = Debug|Any CPU
		{3E331AFA-4732-45F5-8CEA-25ADF454F494}.Debug|Any CPU.Build.0 = Debug|Any CPU
		{3E331AFA-4732-45F5-8CEA-25ADF454F494}.Release|Any CPU.ActiveCfg = Release|Any CPU
		{3E331AFA-4732-45F5-8CEA-25ADF454F494}.Release|Any CPU.Build.0 = Release|Any CPU
		{16FDB669-8069-4808-B4B7-F2D0FBCFC777}.Debug|Any CPU.ActiveCfg = Debug|Any CPU
		{16FDB669-8069-4808-B4B7-F2D0FBCFC777}.Debug|Any CPU.Build.0 = Debug|Any CPU
		{16FDB669-8069-4808-B4B7-F2D0FBCFC777}.Release|Any CPU.ActiveCfg = Release|Any CPU
		{16FDB669-8069-4808-B4B7-F2D0FBCFC777}.Release|Any CPU.Build.0 = Release|Any CPU
	EndGlobalSection
	GlobalSection(SolutionProperties) = preSolution
		HideSolutionNode = FALSE
	EndGlobalSection
	GlobalSection(ExtensibilityGlobals) = postSolution
		SolutionGuid = {25A4A731-D1E7-47E8-A3E2-965322049658}
	EndGlobalSection
EndGlobal
